<?xml version="1.0" encoding="utf-8"?>
<Project ToolsVersion="4.0" xmlns="http://schemas.microsoft.com/developer/msbuild/2003">
  <ItemGroup>
    <Filter Include="Source Files">
      <UniqueIdentifier>{4FC737F1-C7A5-4376-A066-2A32D752A2FF}</UniqueIdentifier>
      <Extensions>cpp;c;cc;cxx;def;odl;idl;hpj;bat;asm;asmx</Extensions>
    </Filter>
    <Filter Include="Header Files">
      <UniqueIdentifier>{93995380-89BD-4b04-88EB-625FBE52EBFB}</UniqueIdentifier>
      <Extensions>h;hpp;hxx;hm;inl;inc;xsd</Extensions>
    </Filter>
    <Filter Include="Resource Files">
      <UniqueIdentifier>{67DA6AB6-F800-4c08-8B7A-83BB121AAD01}</UniqueIdentifier>
      <Extensions>rc;ico;cur;bmp;dlg;rc2;rct;bin;rgs;gif;jpg;jpeg;jpe;resx;tiff;tif;png;wav;mfcribbon-ms</Extensions>
    </Filter>
    <Filter Include="Source Files\Player">
      <UniqueIdentifier>{a0429243-b55f-4d4c-b781-1a1bea08279d}</UniqueIdentifier>
    </Filter>
    <Filter Include="Source Files\Areas">
      <UniqueIdentifier>{5a5ef561-55c5-4233-89c8-c0c666dcb9bf}</UniqueIdentifier>
    </Filter>
    <Filter Include="Header Files\Player">
      <UniqueIdentifier>{6055d4b6-666e-411f-93af-10fac76d1098}</UniqueIdentifier>
    </Filter>
    <Filter Include="Header Files\Areas">
      <UniqueIdentifier>{f0453dc0-2764-4094-898a-2f0cb15c2b78}</UniqueIdentifier>
    </Filter>
    <Filter Include="Source Files\SystemWindows">
      <UniqueIdentifier>{9af989a6-74f6-4d24-95ad-dc5a238411e2}</UniqueIdentifier>
    </Filter>
    <Filter Include="Header Files\SystemWindows">
      <UniqueIdentifier>{96e5c29f-dea7-4d39-8242-39a0929d2eb0}</UniqueIdentifier>
    </Filter>
  </ItemGroup>
  <ItemGroup>
    <ClCompile Include="WolfGame.cpp">
      <Filter>Source Files</Filter>
    </ClCompile>
    <ClCompile Include="BaseApplication.cpp">
      <Filter>Source Files</Filter>
    </ClCompile>
    <ClCompile Include="TutorialApplication.cpp">
      <Filter>Source Files</Filter>
    </ClCompile>
    <ClCompile Include="CameraController.cpp">
      <Filter>Source Files</Filter>
    </ClCompile>
    <ClCompile Include="OculusControl.cpp">
      <Filter>Source Files</Filter>
    </ClCompile>
    <ClCompile Include="stdafx.cpp">
      <Filter>Source Files</Filter>
    </ClCompile>
    <ClCompile Include="BulletConfig.cpp">
      <Filter>Source Files</Filter>
    </ClCompile>
    <ClCompile Include="Player.cpp">
      <Filter>Source Files\Player</Filter>
    </ClCompile>
    <ClCompile Include="CollisionTools.cpp">
      <Filter>Source Files</Filter>
    </ClCompile>
    <ClCompile Include="feet.cpp">
      <Filter>Source Files\Player</Filter>
    </ClCompile>
    <ClCompile Include="WarehouseFloor.cpp">
      <Filter>Source Files\Areas</Filter>
    </ClCompile>
    <ClCompile Include="SystemTextureLoader.cpp">
      <Filter>Source Files\SystemWindows</Filter>
    </ClCompile>
  </ItemGroup>
  <ItemGroup>
    <ClInclude Include="BaseApplication.h">
      <Filter>Header Files</Filter>
    </ClInclude>
    <ClInclude Include="TutorialApplication.h">
      <Filter>Header Files</Filter>
    </ClInclude>
    <ClInclude Include="CameraController.h">
      <Filter>Header Files</Filter>
    </ClInclude>
    <ClInclude Include="OculusControl.h">
      <Filter>Header Files</Filter>
    </ClInclude>
    <ClInclude Include="stdafx.h">
      <Filter>Header Files</Filter>
    </ClInclude>
    <ClInclude Include="BulletConfig.h">
      <Filter>Header Files</Filter>
    </ClInclude>
    <ClInclude Include="Player.h">
      <Filter>Header Files\Player</Filter>
    </ClInclude>
    <ClInclude Include="CollisionTools.h">
      <Filter>Header Files</Filter>
    </ClInclude>
    <ClInclude Include="feet.h">
      <Filter>Header Files\Player</Filter>
    </ClInclude>
    <ClInclude Include="WarehouseFloor.h">
      <Filter>Header Files\Areas</Filter>
    </ClInclude>
    <ClInclude Include="SystemTextureLoader.h">
      <Filter>Header Files\SystemWindows</Filter>
    </ClInclude>
  </ItemGroup>
</Project>